// !$*UTF8*$!
{
	archiveVersion = 1;
	classes = {
	};
	objectVersion = 46;
	objects = {

/* Begin PBXBuildFile section */
		418B4A141EC1102A002136B2 /* AppDelegate.swift in Sources */ = {isa = PBXBuildFile; fileRef = 418B4A131EC1102A002136B2 /* AppDelegate.swift */; };
		418B4A191EC1102A002136B2 /* Main.storyboard in Resources */ = {isa = PBXBuildFile; fileRef = 418B4A171EC1102A002136B2 /* Main.storyboard */; };
		418B4A1C1EC1102A002136B2 /* Palabrejas.xcdatamodeld in Sources */ = {isa = PBXBuildFile; fileRef = 418B4A1A1EC1102A002136B2 /* Palabrejas.xcdatamodeld */; };
		418B4A1E1EC1102A002136B2 /* Assets.xcassets in Resources */ = {isa = PBXBuildFile; fileRef = 418B4A1D1EC1102A002136B2 /* Assets.xcassets */; };
		418B4A211EC1102A002136B2 /* LaunchScreen.storyboard in Resources */ = {isa = PBXBuildFile; fileRef = 418B4A1F1EC1102A002136B2 /* LaunchScreen.storyboard */; };
		418B4A331EC119E7002136B2 /* Word+CoreDataClass.swift in Sources */ = {isa = PBXBuildFile; fileRef = 418B4A311EC119E7002136B2 /* Word+CoreDataClass.swift */; };
		418B4A341EC119E7002136B2 /* Word+CoreDataProperties.swift in Sources */ = {isa = PBXBuildFile; fileRef = 418B4A321EC119E7002136B2 /* Word+CoreDataProperties.swift */; };
		418B4A3A1EC11B8A002136B2 /* CreateWordInteractor.swift in Sources */ = {isa = PBXBuildFile; fileRef = 418B4A391EC11B8A002136B2 /* CreateWordInteractor.swift */; };
		418B4A3C1EC11BC3002136B2 /* HomePresenter.swift in Sources */ = {isa = PBXBuildFile; fileRef = 418B4A3B1EC11BC3002136B2 /* HomePresenter.swift */; };
		418B4A411EC11C18002136B2 /* HomeController.swift in Sources */ = {isa = PBXBuildFile; fileRef = 418B4A401EC11C18002136B2 /* HomeController.swift */; };
		418B4A451EC1211A002136B2 /* DBManager.swift in Sources */ = {isa = PBXBuildFile; fileRef = 418B4A441EC1211A002136B2 /* DBManager.swift */; };
/* End PBXBuildFile section */

/* Begin PBXFileReference section */
		418B4A101EC1102A002136B2 /* Palabrejas.app */ = {isa = PBXFileReference; explicitFileType = wrapper.application; includeInIndex = 0; path = Palabrejas.app; sourceTree = BUILT_PRODUCTS_DIR; };
		418B4A131EC1102A002136B2 /* AppDelegate.swift */ = {isa = PBXFileReference; lastKnownFileType = sourcecode.swift; path = AppDelegate.swift; sourceTree = "<group>"; };
		418B4A181EC1102A002136B2 /* Base */ = {isa = PBXFileReference; lastKnownFileType = file.storyboard; name = Base; path = Base.lproj/Main.storyboard; sourceTree = "<group>"; };
		418B4A1B1EC1102A002136B2 /* Palabrejas.xcdatamodel */ = {isa = PBXFileReference; lastKnownFileType = wrapper.xcdatamodel; path = Palabrejas.xcdatamodel; sourceTree = "<group>"; };
		418B4A1D1EC1102A002136B2 /* Assets.xcassets */ = {isa = PBXFileReference; lastKnownFileType = folder.assetcatalog; path = Assets.xcassets; sourceTree = "<group>"; };
		418B4A201EC1102A002136B2 /* Base */ = {isa = PBXFileReference; lastKnownFileType = file.storyboard; name = Base; path = Base.lproj/LaunchScreen.storyboard; sourceTree = "<group>"; };
		418B4A221EC1102A002136B2 /* Info.plist */ = {isa = PBXFileReference; lastKnownFileType = text.plist.xml; path = Info.plist; sourceTree = "<group>"; };
		418B4A311EC119E7002136B2 /* Word+CoreDataClass.swift */ = {isa = PBXFileReference; fileEncoding = 4; lastKnownFileType = sourcecode.swift; name = "Word+CoreDataClass.swift"; path = "../Model/Word+CoreDataClass.swift"; sourceTree = "<group>"; };
		418B4A321EC119E7002136B2 /* Word+CoreDataProperties.swift */ = {isa = PBXFileReference; fileEncoding = 4; lastKnownFileType = sourcecode.swift; name = "Word+CoreDataProperties.swift"; path = "../Model/Word+CoreDataProperties.swift"; sourceTree = "<group>"; };
		418B4A391EC11B8A002136B2 /* CreateWordInteractor.swift */ = {isa = PBXFileReference; fileEncoding = 4; lastKnownFileType = sourcecode.swift; name = CreateWordInteractor.swift; path = Interactor/CreateWordInteractor.swift; sourceTree = "<group>"; };
		418B4A3B1EC11BC3002136B2 /* HomePresenter.swift */ = {isa = PBXFileReference; fileEncoding = 4; lastKnownFileType = sourcecode.swift; name = HomePresenter.swift; path = Presentar/HomePresenter.swift; sourceTree = "<group>"; };
		418B4A401EC11C18002136B2 /* HomeController.swift */ = {isa = PBXFileReference; fileEncoding = 4; lastKnownFileType = sourcecode.swift; name = HomeController.swift; path = Controlles/HomeController.swift; sourceTree = "<group>"; };
		418B4A441EC1211A002136B2 /* DBManager.swift */ = {isa = PBXFileReference; fileEncoding = 4; lastKnownFileType = sourcecode.swift; name = DBManager.swift; path = DB/DBManager.swift; sourceTree = "<group>"; };
/* End PBXFileReference section */

/* Begin PBXFrameworksBuildPhase section */
		418B4A0D1EC1102A002136B2 /* Frameworks */ = {
			isa = PBXFrameworksBuildPhase;
			buildActionMask = 2147483647;
			files = (
			);
			runOnlyForDeploymentPostprocessing = 0;
		};
/* End PBXFrameworksBuildPhase section */

/* Begin PBXGroup section */
		418B4A071EC11029002136B2 = {
			isa = PBXGroup;
			children = (
				418B4A121EC1102A002136B2 /* Palabrejas */,
				418B4A111EC1102A002136B2 /* Products */,
			);
			sourceTree = "<group>";
		};
		418B4A111EC1102A002136B2 /* Products */ = {
			isa = PBXGroup;
			children = (
				418B4A101EC1102A002136B2 /* Palabrejas.app */,
			);
			name = Products;
			sourceTree = "<group>";
		};
		418B4A121EC1102A002136B2 /* Palabrejas */ = {
			isa = PBXGroup;
			children = (
				418B4A351EC119FC002136B2 /* Views */,
				418B4A371EC11AC7002136B2 /* Presenters */,
				418B4A381EC11ADC002136B2 /* Interactors */,
				418B4A431EC120D4002136B2 /* DB */,
				418B4A2C1EC112FA002136B2 /* Entities */,
				418B4A361EC11AAF002136B2 /* Resourses */,
				418B4A131EC1102A002136B2 /* AppDelegate.swift */,
			);
			path = Palabrejas;
			sourceTree = "<group>";
		};
		418B4A2C1EC112FA002136B2 /* Entities */ = {
			isa = PBXGroup;
			children = (
				418B4A1A1EC1102A002136B2 /* Palabrejas.xcdatamodeld */,
				418B4A311EC119E7002136B2 /* Word+CoreDataClass.swift */,
				418B4A321EC119E7002136B2 /* Word+CoreDataProperties.swift */,
			);
			name = Entities;
			sourceTree = "<group>";
		};
		418B4A351EC119FC002136B2 /* Views */ = {
			isa = PBXGroup;
			children = (
				418B4A3E1EC11BD5002136B2 /* Controllers */,
				418B4A3D1EC11BCF002136B2 /* UI */,
			);
			name = Views;
			sourceTree = "<group>";
		};
		418B4A361EC11AAF002136B2 /* Resourses */ = {
			isa = PBXGroup;
			children = (
				418B4A1D1EC1102A002136B2 /* Assets.xcassets */,
				418B4A221EC1102A002136B2 /* Info.plist */,
			);
			name = Resourses;
			sourceTree = "<group>";
		};
		418B4A371EC11AC7002136B2 /* Presenters */ = {
			isa = PBXGroup;
			children = (
				418B4A3B1EC11BC3002136B2 /* HomePresenter.swift */,
			);
			name = Presenters;
			sourceTree = "<group>";
		};
		418B4A381EC11ADC002136B2 /* Interactors */ = {
			isa = PBXGroup;
			children = (
				418B4A391EC11B8A002136B2 /* CreateWordInteractor.swift */,
			);
			name = Interactors;
			sourceTree = "<group>";
		};
		418B4A3D1EC11BCF002136B2 /* UI */ = {
			isa = PBXGroup;
			children = (
				418B4A171EC1102A002136B2 /* Main.storyboard */,
				418B4A1F1EC1102A002136B2 /* LaunchScreen.storyboard */,
			);
			name = UI;
			sourceTree = "<group>";
		};
		418B4A3E1EC11BD5002136B2 /* Controllers */ = {
			isa = PBXGroup;
			children = (
				418B4A401EC11C18002136B2 /* HomeController.swift */,
			);
			name = Controllers;
			sourceTree = "<group>";
		};
		418B4A431EC120D4002136B2 /* DB */ = {
			isa = PBXGroup;
			children = (
				418B4A441EC1211A002136B2 /* DBManager.swift */,
			);
			name = DB;
			sourceTree = "<group>";
		};
/* End PBXGroup section */

/* Begin PBXNativeTarget section */
		418B4A0F1EC1102A002136B2 /* Palabrejas */ = {
			isa = PBXNativeTarget;
			buildConfigurationList = 418B4A251EC1102A002136B2 /* Build configuration list for PBXNativeTarget "Palabrejas" */;
			buildPhases = (
				418B4A0C1EC1102A002136B2 /* Sources */,
				418B4A0D1EC1102A002136B2 /* Frameworks */,
				418B4A0E1EC1102A002136B2 /* Resources */,
			);
			buildRules = (
			);
			dependencies = (
			);
			name = Palabrejas;
			productName = Palabrejas;
			productReference = 418B4A101EC1102A002136B2 /* Palabrejas.app */;
			productType = "com.apple.product-type.application";
		};
/* End PBXNativeTarget section */

/* Begin PBXProject section */
		418B4A081EC11029002136B2 /* Project object */ = {
			isa = PBXProject;
			attributes = {
				LastSwiftUpdateCheck = 0830;
				LastUpgradeCheck = 0830;
				ORGANIZATIONNAME = "Carolina Franco";
				TargetAttributes = {
					418B4A0F1EC1102A002136B2 = {
						CreatedOnToolsVersion = 8.3.2;
						DevelopmentTeam = UK7SBEW56U;
						ProvisioningStyle = Automatic;
					};
				};
			};
			buildConfigurationList = 418B4A0B1EC11029002136B2 /* Build configuration list for PBXProject "Palabrejas" */;
			compatibilityVersion = "Xcode 3.2";
			developmentRegion = English;
			hasScannedForEncodings = 0;
			knownRegions = (
				en,
				Base,
			);
			mainGroup = 418B4A071EC11029002136B2;
			productRefGroup = 418B4A111EC1102A002136B2 /* Products */;
			projectDirPath = "";
			projectRoot = "";
			targets = (
				418B4A0F1EC1102A002136B2 /* Palabrejas */,
			);
		};
/* End PBXProject section */

/* Begin PBXResourcesBuildPhase section */
		418B4A0E1EC1102A002136B2 /* Resources */ = {
			isa = PBXResourcesBuildPhase;
			buildActionMask = 2147483647;
			files = (
				418B4A211EC1102A002136B2 /* LaunchScreen.storyboard in Resources */,
				418B4A1E1EC1102A002136B2 /* Assets.xcassets in Resources */,
				418B4A191EC1102A002136B2 /* Main.storyboard in Resources */,
			);
			runOnlyForDeploymentPostprocessing = 0;
		};
/* End PBXResourcesBuildPhase section */

/* Begin PBXSourcesBuildPhase section */
		418B4A0C1EC1102A002136B2 /* Sources */ = {
			isa = PBXSourcesBuildPhase;
			buildActionMask = 2147483647;
			files = (
				418B4A1C1EC1102A002136B2 /* Palabrejas.xcdatamodeld in Sources */,
				418B4A3A1EC11B8A002136B2 /* CreateWordInteractor.swift in Sources */,
				418B4A411EC11C18002136B2 /* HomeController.swift in Sources */,
				418B4A451EC1211A002136B2 /* DBManager.swift in Sources */,
				418B4A141EC1102A002136B2 /* AppDelegate.swift in Sources */,
				418B4A3C1EC11BC3002136B2 /* HomePresenter.swift in Sources */,
				418B4A341EC119E7002136B2 /* Word+CoreDataProperties.swift in Sources */,
				418B4A331EC119E7002136B2 /* Word+CoreDataClass.swift in Sources */,
			);
			runOnlyForDeploymentPostprocessing = 0;
		};
/* End PBXSourcesBuildPhase section */

/* Begin PBXVariantGroup section */
		418B4A171EC1102A002136B2 /* Main.storyboard */ = {
			isa = PBXVariantGroup;
			children = (
				418B4A181EC1102A002136B2 /* Base */,
			);
			name = Main.storyboard;
			sourceTree = "<group>";
		};
		418B4A1F1EC1102A002136B2 /* LaunchScreen.storyboard */ = {
			isa = PBXVariantGroup;
			children = (
				418B4A201EC1102A002136B2 /* Base */,
			);
			name = LaunchScreen.storyboard;
			sourceTree = "<group>";
		};
/* End PBXVariantGroup section */

/* Begin XCBuildConfiguration section */
		418B4A231EC1102A002136B2 /* Debug */ = {
			isa = XCBuildConfiguration;
			buildSettings = {
				ALWAYS_SEARCH_USER_PATHS = NO;
				CLANG_ANALYZER_NONNULL = YES;
				CLANG_ANALYZER_NUMBER_OBJECT_CONVERSION = YES_AGGRESSIVE;
				CLANG_CXX_LANGUAGE_STANDARD = "gnu++0x";
				CLANG_CXX_LIBRARY = "libc++";
				CLANG_ENABLE_MODULES = YES;
				CLANG_ENABLE_OBJC_ARC = YES;
				CLANG_WARN_BOOL_CONVERSION = YES;
				CLANG_WARN_CONSTANT_CONVERSION = YES;
				CLANG_WARN_DIRECT_OBJC_ISA_USAGE = YES_ERROR;
				CLANG_WARN_DOCUMENTATION_COMMENTS = YES;
				CLANG_WARN_EMPTY_BODY = YES;
				CLANG_WARN_ENUM_CONVERSION = YES;
				CLANG_WARN_INFINITE_RECURSION = YES;
				CLANG_WARN_INT_CONVERSION = YES;
				CLANG_WARN_OBJC_ROOT_CLASS = YES_ERROR;
				CLANG_WARN_SUSPICIOUS_MOVE = YES;
				CLANG_WARN_UNREACHABLE_CODE = YES;
				CLANG_WARN__DUPLICATE_METHOD_MATCH = YES;
				"CODE_SIGN_IDENTITY[sdk=iphoneos*]" = "iPhone Developer";
				COPY_PHASE_STRIP = NO;
				DEBUG_INFORMATION_FORMAT = dwarf;
				ENABLE_STRICT_OBJC_MSGSEND = YES;
				ENABLE_TESTABILITY = YES;
				GCC_C_LANGUAGE_STANDARD = gnu99;
				GCC_DYNAMIC_NO_PIC = NO;
				GCC_NO_COMMON_BLOCKS = YES;
				GCC_OPTIMIZATION_LEVEL = 0;
				GCC_PREPROCESSOR_DEFINITIONS = (
					"DEBUG=1",
					"$(inherited)",
				);
				GCC_WARN_64_TO_32_BIT_CONVERSION = YES;
				GCC_WARN_ABOUT_RETURN_TYPE = YES_ERROR;
				GCC_WARN_UNDECLARED_SELECTOR = YES;
				GCC_WARN_UNINITIALIZED_AUTOS = YES_AGGRESSIVE;
				GCC_WARN_UNUSED_FUNCTION = YES;
				GCC_WARN_UNUSED_VARIABLE = YES;
				IPHONEOS_DEPLOYMENT_TARGET = 10.3;
				MTL_ENABLE_DEBUG_INFO = YES;
				ONLY_ACTIVE_ARCH = YES;
				SDKROOT = iphoneos;
				SWIFT_ACTIVE_COMPILATION_CONDITIONS = DEBUG;
				SWIFT_OPTIMIZATION_LEVEL = "-Onone";
			};
			name = Debug;
		};
		418B4A241EC1102A002136B2 /* Release */ = {
			isa = XCBuildConfiguration;
			buildSettings = {
				ALWAYS_SEARCH_USER_PATHS = NO;
				CLANG_ANALYZER_NONNULL = YES;
				CLANG_ANALYZER_NUMBER_OBJECT_CONVERSION = YES_AGGRESSIVE;
				CLANG_CXX_LANGUAGE_STANDARD = "gnu++0x";
				CLANG_CXX_LIBRARY = "libc++";
				CLANG_ENABLE_MODULES = YES;
				CLANG_ENABLE_OBJC_ARC = YES;
				CLANG_WARN_BOOL_CONVERSION = YES;
				CLANG_WARN_CONSTANT_CONVERSION = YES;
				CLANG_WARN_DIRECT_OBJC_ISA_USAGE = YES_ERROR;
				CLANG_WARN_DOCUMENTATION_COMMENTS = YES;
				CLANG_WARN_EMPTY_BODY = YES;
				CLANG_WARN_ENUM_CONVERSION = YES;
				CLANG_WARN_INFINITE_RECURSION = YES;
				CLANG_WARN_INT_CONVERSION = YES;
				CLANG_WARN_OBJC_ROOT_CLASS = YES_ERROR;
				CLANG_WARN_SUSPICIOUS_MOVE = YES;
				CLANG_WARN_UNREACHABLE_CODE = YES;
				CLANG_WARN__DUPLICATE_METHOD_MATCH = YES;
				"CODE_SIGN_IDENTITY[sdk=iphoneos*]" = "iPhone Developer";
				COPY_PHASE_STRIP = NO;
				DEBUG_INFORMATION_FORMAT = "dwarf-with-dsym";
				ENABLE_NS_ASSERTIONS = NO;
				ENABLE_STRICT_OBJC_MSGSEND = YES;
				GCC_C_LANGUAGE_STANDARD = gnu99;
				GCC_NO_COMMON_BLOCKS = YES;
				GCC_WARN_64_TO_32_BIT_CONVERSION = YES;
				GCC_WARN_ABOUT_RETURN_TYPE = YES_ERROR;
				GCC_WARN_UNDECLARED_SELECTOR = YES;
				GCC_WARN_UNINITIALIZED_AUTOS = YES_AGGRESSIVE;
				GCC_WARN_UNUSED_FUNCTION = YES;
				GCC_WARN_UNUSED_VARIABLE = YES;
				IPHONEOS_DEPLOYMENT_TARGET = 10.3;
				MTL_ENABLE_DEBUG_INFO = NO;
				SDKROOT = iphoneos;
				SWIFT_OPTIMIZATION_LEVEL = "-Owholemodule";
				VALIDATE_PRODUCT = YES;
			};
			name = Release;
		};
		418B4A261EC1102A002136B2 /* Debug */ = {
			isa = XCBuildConfiguration;
			buildSettings = {
				ASSETCATALOG_COMPILER_APPICON_NAME = AppIcon;
				DEVELOPMENT_TEAM = UK7SBEW56U;
				INFOPLIST_FILE = Palabrejas/Info.plist;
				LD_RUNPATH_SEARCH_PATHS = "$(inherited) @executable_path/Frameworks";
				PRODUCT_BUNDLE_IDENTIFIER = com.syca.Palabrejas.Palabrejas;
				PRODUCT_NAME = "$(TARGET_NAME)";
				SWIFT_VERSION = 3.0;
			};
			name = Debug;
		};
		418B4A271EC1102A002136B2 /* Release */ = {
			isa = XCBuildConfiguration;
			buildSettings = {
				ASSETCATALOG_COMPILER_APPICON_NAME = AppIcon;
				DEVELOPMENT_TEAM = UK7SBEW56U;
				INFOPLIST_FILE = Palabrejas/Info.plist;
				LD_RUNPATH_SEARCH_PATHS = "$(inherited) @executable_path/Frameworks";
				PRODUCT_BUNDLE_IDENTIFIER = com.syca.Palabrejas.Palabrejas;
				PRODUCT_NAME = "$(TARGET_NAME)";
				SWIFT_VERSION = 3.0;
			};
			name = Release;
		};
/* End XCBuildConfiguration section */

/* Begin XCConfigurationList section */
		418B4A0B1EC11029002136B2 /* Build configuration list for PBXProject "Palabrejas" */ = {
			isa = XCConfigurationList;
			buildConfigurations = (
				418B4A231EC1102A002136B2 /* Debug */,
				418B4A241EC1102A002136B2 /* Release */,
			);
			defaultConfigurationIsVisible = 0;
			defaultConfigurationName = Release;
		};
		418B4A251EC1102A002136B2 /* Build configuration list for PBXNativeTarget "Palabrejas" */ = {
			isa = XCConfigurationList;
			buildConfigurations = (
				418B4A261EC1102A002136B2 /* Debug */,
				418B4A271EC1102A002136B2 /* Release */,
			);
			defaultConfigurationIsVisible = 0;
			defaultConfigurationName = Release;
		};
/* End XCConfigurationList section */

/* Begin XCVersionGroup section */
		418B4A1A1EC1102A002136B2 /* Palabrejas.xcdatamodeld */ = {
			isa = XCVersionGroup;
			children = (
				418B4A1B1EC1102A002136B2 /* Palabrejas.xcdatamodel */,
			);
			currentVersion = 418B4A1B1EC1102A002136B2 /* Palabrejas.xcdatamodel */;
			path = Palabrejas.xcdatamodeld;
			sourceTree = "<group>";
			versionGroupType = wrapper.xcdatamodel;
		};
/* End XCVersionGroup section */
	};
	rootObject = 418B4A081EC11029002136B2 /* Project object */;
}
